
Microsoft Visual Studio Solution File, Format Version 12.00
# Visual Studio Version 16
VisualStudioVersion = 16.0.32901.82
MinimumVisualStudioVersion = 10.0.40219.1
Project("{8BC9CEB8-8B4A-11D0-8D11-00A0C91BC942}") = "算法", "算法.vcxproj", "{3805E173-F968-42C4-8EA2-BE92700B6B39}"
EndProject
Global
	GlobalSection(SolutionConfigurationPlatforms) = preSolution
		Debug|x64 = Debug|x64
		Debug|x86 = Debug|x86
		Release|x64 = Release|x64
		Release|x86 = Release|x86
	EndGlobalSection
	GlobalSection(ProjectConfigurationPlatforms) = postSolution
		{3805E173-F968-42C4-8EA2-BE92700B6B39}.Debug|x64.ActiveCfg = Debug|x64
		{3805E173-F968-42C4-8EA2-BE92700B6B39}.Debug|x64.Build.0 = Debug|x64
		{3805E173-F968-42C4-8EA2-BE92700B6B39}.Debug|x86.ActiveCfg = Debug|Win32
		{3805E173-F968-42C4-8EA2-BE92700B6B39}.Debug|x86.Build.0 = Debug|Win32
		{3805E173-F968-42C4-8EA2-BE92700B6B39}.Release|x64.ActiveCfg = Release|x64
		{3805E173-F968-42C4-8EA2-BE92700B6B39}.Release|x64.Build.0 = Release|x64
		{3805E173-F968-42C4-8EA2-BE92700B6B39}.Release|x86.ActiveCfg = Release|Win32
		{3805E173-F968-42C4-8EA2-BE92700B6B39}.Release|x86.Build.0 = Release|Win32
	EndGlobalSection
	GlobalSection(SolutionProperties) = preSolution
		HideSolutionNode = FALSE
	EndGlobalSection
	GlobalSection(ExtensibilityGlobals) = postSolution
		SolutionGuid = {CFC67FB8-5643-4214-AB7C-A164797301E3}
	EndGlobalSection
EndGlobal
